{
    "_meta": {
        "hash": {
            "sha256": "7d09658da79b7473f3e043191d123e26ca4ee48766f6af5a5f8c8b0c32c3db92"
        },
        "pipfile-spec": 6,
        "requires": {
            "python_version": "3.6"
        },
        "sources": [
            {
                "name": "pypi",
                "url": "https://pypi.org/simple",
                "verify_ssl": true
            }
        ]
    },
    "default": {
        "py-cpuinfo": {
            "hashes": [
                "sha256:2cf6426f776625b21d1db8397d3297ef7acfa59018f02a8779123f3190f18500"
            ],
            "index": "pypi",
            "version": "==5.0.0"
        }
    },
    "develop": {}
}
