{
    "_meta": {
        "hash": {
            "sha256": "1816e2c9281b6be5e96d1f1f5ede5944cb203d7ee088cadac65290c134b30847"
        },
        "pipfile-spec": 6,
        "requires": {
            "python_version": "3.8"
        },
        "sources": [
            {
                "name": "pypi",
                "url": "https://pypi.org/simple",
                "verify_ssl": true
            }
        ]
    },
    "default": {
        "py-cpuinfo": {
            "hashes": [
                "sha256:9aa2e49675114959697d25cf57fec41c29b55887bff3bc4809b44ac6f5730097"
            ],
            "index": "pypi",
            "version": "==7.0.0"
        }
    },
    "develop": {}
}
