{
    "_meta": {
        "hash": {
            "sha256": "7d09658da79b7473f3e043191d123e26ca4ee48766f6af5a5f8c8b0c32c3db92"
        },
        "pipfile-spec": 6,
        "requires": {
            "python_version": "3.6"
        },
        "sources": [
            {
                "name": "pypi",
                "url": "https://pypi.org/simple",
                "verify_ssl": true
            }
        ]
    },
    "default": {
        "py-cpuinfo": {
            "hashes": [
                "sha256:9aa2e49675114959697d25cf57fec41c29b55887bff3bc4809b44ac6f5730097"
            ],
            "index": "pypi",
            "version": "==7.0.0"
        }
    },
    "develop": {}
}
